<?xml version="1.0" encoding="utf-8"?>
<Project ToolsVersion="4.0" xmlns="http://schemas.microsoft.com/developer/msbuild/2003">
  <ItemGroup>
    <ClCompile Include="App.cpp" />
    <ClCompile Include="main.cpp" />
    <ClCompile Include="SDLEvent.cpp" />
    <ClCompile Include="TimeManager.cpp" />
    <ClCompile Include="stb_image.c" />
    <ClCompile Include="DirectoryUtils.cpp">
      <Filter>Engine\Source files\FileSystem</Filter>
    </ClCompile>
    <ClCompile Include="IOUtils.cpp">
      <Filter>Engine\Source files\FileSystem</Filter>
    </ClCompile>
    <ClCompile Include="Vector2D.cpp">
      <Filter>Engine\Source files\Math</Filter>
    </ClCompile>
    <ClCompile Include="Drawable2D.cpp">
      <Filter>Engine\Source files\Graphics</Filter>
    </ClCompile>
    <ClCompile Include="StringHelper.cpp">
      <Filter>Engine\Source files\Helpers</Filter>
    </ClCompile>
    <ClCompile Include="Vector3D.cpp">
      <Filter>Engine\Source files\Math</Filter>
    </ClCompile>
    <ClCompile Include="MathUtilities.cpp">
      <Filter>Engine\Source files\Math</Filter>
    </ClCompile>
    <ClCompile Include="AppSettings.cpp">
      <Filter>Game\Source Files\Utilities</Filter>
    </ClCompile>
    <ClCompile Include="RigitBodyComponent.cpp">
      <Filter>Engine\Source files\Components</Filter>
    </ClCompile>
    <ClCompile Include="TransportationComponent.cpp">
      <Filter>Engine\Source files\Components</Filter>
    </ClCompile>
    <ClCompile Include="AABB.cpp">
      <Filter>Engine\Source files\Math</Filter>
    </ClCompile>
    <ClCompile Include="Asteroid.cpp">
      <Filter>Game\Source Files\Entities</Filter>
    </ClCompile>
    <ClCompile Include="Bullet.cpp">
      <Filter>Game\Source Files\Entities</Filter>
    </ClCompile>
    <ClCompile Include="OpenglGameObject.cpp">
      <Filter>Game\Source Files\Entities</Filter>
    </ClCompile>
    <ClCompile Include="ShipPlayer.cpp">
      <Filter>Game\Source Files\Entities</Filter>
    </ClCompile>
    <ClCompile Include="Game.cpp">
      <Filter>Game\Source Files\Core</Filter>
    </ClCompile>
    <ClCompile Include="TextureManager.cpp">
      <Filter>Engine\Source files\Input &amp; Textures</Filter>
    </ClCompile>
    <ClCompile Include="ShipEnemy.cpp">
      <Filter>Game\Source Files\Entities</Filter>
    </ClCompile>
  </ItemGroup>
  <ItemGroup>
    <ClInclude Include="App.hpp" />
    <ClInclude Include="SDLEvent.hpp" />
    <ClInclude Include="TimeManager.hpp" />
    <ClInclude Include="Vector2D.h">
      <Filter>Engine\Header files\Math</Filter>
    </ClInclude>
    <ClInclude Include="StringHelper.h">
      <Filter>Engine\Header files\Helpers</Filter>
    </ClInclude>
    <ClInclude Include="DirectoryUtils.h">
      <Filter>Engine\Header files\FileSystem</Filter>
    </ClInclude>
    <ClInclude Include="IOUtils.h">
      <Filter>Engine\Header files\FileSystem</Filter>
    </ClInclude>
    <ClInclude Include="Drawable2D.h">
      <Filter>Engine\Header files\Graphics</Filter>
    </ClInclude>
    <ClInclude Include="Vector3D.h">
      <Filter>Engine\Header files\Math</Filter>
    </ClInclude>
    <ClInclude Include="MathUtilities.h">
      <Filter>Engine\Header files\Math</Filter>
    </ClInclude>
    <ClInclude Include="AppSettings.h">
      <Filter>Game\Header Files\Utilities</Filter>
    </ClInclude>
    <ClInclude Include="RigidBodyComponent.h">
      <Filter>Engine\Header files\Components</Filter>
    </ClInclude>
    <ClInclude Include="TransformationComponent.h">
      <Filter>Engine\Header files\Components</Filter>
    </ClInclude>
    <ClInclude Include="AABB.h">
      <Filter>Engine\Header files\Math</Filter>
    </ClInclude>
    <ClInclude Include="Asteroid.h">
      <Filter>Game\Header Files\Entities</Filter>
    </ClInclude>
    <ClInclude Include="Bullet.h">
      <Filter>Game\Header Files\Entities</Filter>
    </ClInclude>
    <ClInclude Include="GameObject.h">
      <Filter>Engine\Header files\Core</Filter>
    </ClInclude>
    <ClInclude Include="OpenglGameObject.h">
      <Filter>Game\Header Files\Entities</Filter>
    </ClInclude>
    <ClInclude Include="ShipPlayer.h">
      <Filter>Game\Header Files\Entities</Filter>
    </ClInclude>
    <ClInclude Include="Constants.h">
      <Filter>Engine\Header files\Math</Filter>
    </ClInclude>
    <ClInclude Include="Game.h">
      <Filter>Game\Header Files\Core</Filter>
    </ClInclude>
    <ClInclude Include="TextureManager.h">
      <Filter>Engine\Header files\Input &amp; Textures</Filter>
    </ClInclude>
    <ClInclude Include="ShipEnemy.h">
      <Filter>Game\Header Files\Entities</Filter>
    </ClInclude>
  </ItemGroup>
  <ItemGroup>
    <Filter Include="Engine">
      <UniqueIdentifier>{6f9fb37f-e47b-46c3-8209-dbf486018555}</UniqueIdentifier>
    </Filter>
    <Filter Include="Engine\Source files">
      <UniqueIdentifier>{0a3ec513-922c-4b14-83e3-98e1934fea74}</UniqueIdentifier>
    </Filter>
    <Filter Include="Engine\Header files">
      <UniqueIdentifier>{da8cc683-e66e-46b9-be58-7d0e16e23f76}</UniqueIdentifier>
    </Filter>
    <Filter Include="Engine\Header files\FileSystem">
      <UniqueIdentifier>{3a7c6588-406a-4679-8474-0046d24d4034}</UniqueIdentifier>
    </Filter>
    <Filter Include="Engine\Header files\Math">
      <UniqueIdentifier>{5cdfae77-4d25-49cc-a505-1433b98ccb33}</UniqueIdentifier>
    </Filter>
    <Filter Include="Engine\Header files\Graphics">
      <UniqueIdentifier>{efc65723-429d-4284-b1a9-c6fa4ee3bb24}</UniqueIdentifier>
    </Filter>
    <Filter Include="Engine\Header files\Helpers">
      <UniqueIdentifier>{431839d6-2440-4912-9e8c-3d957b90a9df}</UniqueIdentifier>
    </Filter>
    <Filter Include="Engine\Source files\FileSystem">
      <UniqueIdentifier>{05d8bde4-29fa-4ebe-b41a-a343affcb9b7}</UniqueIdentifier>
    </Filter>
    <Filter Include="Engine\Source files\Math">
      <UniqueIdentifier>{320f80e1-b3a3-4397-b3b1-d956f2ef2109}</UniqueIdentifier>
    </Filter>
    <Filter Include="Engine\Source files\Graphics">
      <UniqueIdentifier>{39e5600a-ae73-4801-b2ec-4128951be450}</UniqueIdentifier>
    </Filter>
    <Filter Include="Engine\Source files\Helpers">
      <UniqueIdentifier>{51078e39-f4b6-4e63-b504-9e99aa4db01d}</UniqueIdentifier>
    </Filter>
    <Filter Include="Game">
      <UniqueIdentifier>{2666783a-f8ef-409c-9957-b589c3e77571}</UniqueIdentifier>
    </Filter>
    <Filter Include="Game\Header Files">
      <UniqueIdentifier>{6104ec06-8fc1-4a21-a8eb-4be15d16f0ee}</UniqueIdentifier>
    </Filter>
    <Filter Include="Game\Source Files">
      <UniqueIdentifier>{11139cfa-b353-4a4d-951b-aca045be4695}</UniqueIdentifier>
    </Filter>
    <Filter Include="Game\Header Files\Utilities">
      <UniqueIdentifier>{c18a1765-d471-4fce-b0f3-a117dfbf28cb}</UniqueIdentifier>
    </Filter>
    <Filter Include="Game\Header Files\Entities">
      <UniqueIdentifier>{ffbcff9b-a7ba-4c79-950d-8bca66bc7360}</UniqueIdentifier>
    </Filter>
    <Filter Include="Game\Source Files\Entities">
      <UniqueIdentifier>{8fdb0047-48da-431c-99ea-6f1d4499bc5f}</UniqueIdentifier>
    </Filter>
    <Filter Include="Game\Source Files\Utilities">
      <UniqueIdentifier>{a5a88c92-3fe2-461d-850d-20f3e8603faf}</UniqueIdentifier>
    </Filter>
    <Filter Include="Engine\Header files\Components">
      <UniqueIdentifier>{9bf4a91c-05ad-479d-afea-191f1c98bfef}</UniqueIdentifier>
    </Filter>
    <Filter Include="Engine\Source files\Components">
      <UniqueIdentifier>{0e052b34-cf0c-4582-83e1-279be5086491}</UniqueIdentifier>
    </Filter>
    <Filter Include="Engine\Header files\Input &amp; Textures">
      <UniqueIdentifier>{f72f8465-0766-43fe-aaa7-b2cb200c7bcf}</UniqueIdentifier>
    </Filter>
    <Filter Include="Engine\Header files\Core">
      <UniqueIdentifier>{1a1f3d0e-5c1e-42e0-beb9-0bdad25ac2a2}</UniqueIdentifier>
    </Filter>
    <Filter Include="Engine\Source files\Core">
      <UniqueIdentifier>{d6be9da4-ad08-45db-9b63-2dd0fe2381c1}</UniqueIdentifier>
    </Filter>
    <Filter Include="Game\Header Files\Core">
      <UniqueIdentifier>{1866e404-2b57-4b16-9d36-691f29fc2188}</UniqueIdentifier>
    </Filter>
    <Filter Include="Game\Source Files\Core">
      <UniqueIdentifier>{d0937397-a2a9-4b51-ba09-6a359ee97334}</UniqueIdentifier>
    </Filter>
    <Filter Include="Engine\Source files\Input &amp; Textures">
      <UniqueIdentifier>{aff584cc-1583-4775-ba19-489dd4c9c3aa}</UniqueIdentifier>
    </Filter>
  </ItemGroup>
</Project>